// !$*UTF8*$!
{
	archiveVersion = 1;
	classes = {
	};
	objectVersion = 46;
	objects = {

/* Begin PBXBuildFile section */
		24A67A921E8ECD3700339959 /* main.c in Sources */ = {isa = PBXBuildFile; fileRef = 24A67A911E8ECD3700339959 /* main.c */; };
		24A67A9A1E8ECE2A00339959 /* Coda.c in Sources */ = {isa = PBXBuildFile; fileRef = 24A67A981E8ECE2A00339959 /* Coda.c */; };
/* End PBXBuildFile section */

/* Begin PBXCopyFilesBuildPhase section */
		24A67A8C1E8ECD3700339959 /* CopyFiles */ = {
			isa = PBXCopyFilesBuildPhase;
			buildActionMask = 2147483647;
			dstPath = /usr/share/man/man1/;
			dstSubfolderSpec = 0;
			files = (
			);
			runOnlyForDeploymentPostprocessing = 1;
		};
/* End PBXCopyFilesBuildPhase section */

/* Begin PBXFileReference section */
		24A67A8E1E8ECD3700339959 /* Ex07_Coda */ = {isa = PBXFileReference; explicitFileType = "compiled.mach-o.executable"; includeInIndex = 0; path = Ex07_Coda; sourceTree = BUILT_PRODUCTS_DIR; };
		24A67A911E8ECD3700339959 /* main.c */ = {isa = PBXFileReference; lastKnownFileType = sourcecode.c.c; path = main.c; sourceTree = "<group>"; };
		24A67A981E8ECE2A00339959 /* Coda.c */ = {isa = PBXFileReference; fileEncoding = 4; lastKnownFileType = sourcecode.c.c; path = Coda.c; sourceTree = "<group>"; };
		24A67A991E8ECE2A00339959 /* Coda.h */ = {isa = PBXFileReference; fileEncoding = 4; lastKnownFileType = sourcecode.c.h; path = Coda.h; sourceTree = "<group>"; };
/* End PBXFileReference section */

/* Begin PBXFrameworksBuildPhase section */
		24A67A8B1E8ECD3700339959 /* Frameworks */ = {
			isa = PBXFrameworksBuildPhase;
			buildActionMask = 2147483647;
			files = (
			);
			runOnlyForDeploymentPostprocessing = 0;
		};
/* End PBXFrameworksBuildPhase section */

/* Begin PBXGroup section */
		24A67A851E8ECD3700339959 = {
			isa = PBXGroup;
			children = (
				24A67A901E8ECD3700339959 /* Ex07_Coda */,
				24A67A8F1E8ECD3700339959 /* Products */,
			);
			sourceTree = "<group>";
		};
		24A67A8F1E8ECD3700339959 /* Products */ = {
			isa = PBXGroup;
			children = (
				24A67A8E1E8ECD3700339959 /* Ex07_Coda */,
			);
			name = Products;
			sourceTree = "<group>";
		};
		24A67A901E8ECD3700339959 /* Ex07_Coda */ = {
			isa = PBXGroup;
			children = (
				24A67A911E8ECD3700339959 /* main.c */,
				24A67A981E8ECE2A00339959 /* Coda.c */,
				24A67A991E8ECE2A00339959 /* Coda.h */,
			);
			path = Ex07_Coda;
			sourceTree = "<group>";
		};
/* End PBXGroup section */

/* Begin PBXNativeTarget section */
		24A67A8D1E8ECD3700339959 /* Ex07_Coda */ = {
			isa = PBXNativeTarget;
			buildConfigurationList = 24A67A951E8ECD3700339959 /* Build configuration list for PBXNativeTarget "Ex07_Coda" */;
			buildPhases = (
				24A67A8A1E8ECD3700339959 /* Sources */,
				24A67A8B1E8ECD3700339959 /* Frameworks */,
				24A67A8C1E8ECD3700339959 /* CopyFiles */,
			);
			buildRules = (
			);
			dependencies = (
			);
			name = Ex07_Coda;
			productName = Ex07_Coda;
			productReference = 24A67A8E1E8ECD3700339959 /* Ex07_Coda */;
			productType = "com.apple.product-type.tool";
		};
/* End PBXNativeTarget section */

/* Begin PBXProject section */
		24A67A861E8ECD3700339959 /* Project object */ = {
			isa = PBXProject;
			attributes = {
				LastUpgradeCheck = 0620;
				ORGANIZATIONNAME = "Valentino Tombesi";
				TargetAttributes = {
					24A67A8D1E8ECD3700339959 = {
						CreatedOnToolsVersion = 6.2;
					};
				};
			};
			buildConfigurationList = 24A67A891E8ECD3700339959 /* Build configuration list for PBXProject "Ex07_Coda" */;
			compatibilityVersion = "Xcode 3.2";
			developmentRegion = English;
			hasScannedForEncodings = 0;
			knownRegions = (
				en,
			);
			mainGroup = 24A67A851E8ECD3700339959;
			productRefGroup = 24A67A8F1E8ECD3700339959 /* Products */;
			projectDirPath = "";
			projectRoot = "";
			targets = (
				24A67A8D1E8ECD3700339959 /* Ex07_Coda */,
			);
		};
/* End PBXProject section */

/* Begin PBXSourcesBuildPhase section */
		24A67A8A1E8ECD3700339959 /* Sources */ = {
			isa = PBXSourcesBuildPhase;
			buildActionMask = 2147483647;
			files = (
				24A67A9A1E8ECE2A00339959 /* Coda.c in Sources */,
				24A67A921E8ECD3700339959 /* main.c in Sources */,
			);
			runOnlyForDeploymentPostprocessing = 0;
		};
/* End PBXSourcesBuildPhase section */

/* Begin XCBuildConfiguration section */
		24A67A931E8ECD3700339959 /* Debug */ = {
			isa = XCBuildConfiguration;
			buildSettings = {
				ALWAYS_SEARCH_USER_PATHS = NO;
				CLANG_CXX_LANGUAGE_STANDARD = "gnu++0x";
				CLANG_CXX_LIBRARY = "libc++";
				CLANG_ENABLE_MODULES = YES;
				CLANG_ENABLE_OBJC_ARC = YES;
				CLANG_WARN_BOOL_CONVERSION = YES;
				CLANG_WARN_CONSTANT_CONVERSION = YES;
				CLANG_WARN_DIRECT_OBJC_ISA_USAGE = YES_ERROR;
				CLANG_WARN_EMPTY_BODY = YES;
				CLANG_WARN_ENUM_CONVERSION = YES;
				CLANG_WARN_INT_CONVERSION = YES;
				CLANG_WARN_OBJC_ROOT_CLASS = YES_ERROR;
				CLANG_WARN_UNREACHABLE_CODE = YES;
				CLANG_WARN__DUPLICATE_METHOD_MATCH = YES;
				COPY_PHASE_STRIP = NO;
				ENABLE_STRICT_OBJC_MSGSEND = YES;
				GCC_C_LANGUAGE_STANDARD = gnu99;
				GCC_DYNAMIC_NO_PIC = NO;
				GCC_OPTIMIZATION_LEVEL = 0;
				GCC_PREPROCESSOR_DEFINITIONS = (
					"DEBUG=1",
					"$(inherited)",
				);
				GCC_SYMBOLS_PRIVATE_EXTERN = NO;
				GCC_WARN_64_TO_32_BIT_CONVERSION = YES;
				GCC_WARN_ABOUT_RETURN_TYPE = YES_ERROR;
				GCC_WARN_UNDECLARED_SELECTOR = YES;
				GCC_WARN_UNINITIALIZED_AUTOS = YES_AGGRESSIVE;
				GCC_WARN_UNUSED_FUNCTION = YES;
				GCC_WARN_UNUSED_VARIABLE = YES;
				MACOSX_DEPLOYMENT_TARGET = 10.9;
				MTL_ENABLE_DEBUG_INFO = YES;
				ONLY_ACTIVE_ARCH = YES;
				SDKROOT = macosx;
			};
			name = Debug;
		};
		24A67A941E8ECD3700339959 /* Release */ = {
			isa = XCBuildConfiguration;
			buildSettings = {
				ALWAYS_SEARCH_USER_PATHS = NO;
				CLANG_CXX_LANGUAGE_STANDARD = "gnu++0x";
				CLANG_CXX_LIBRARY = "libc++";
				CLANG_ENABLE_MODULES = YES;
				CLANG_ENABLE_OBJC_ARC = YES;
				CLANG_WARN_BOOL_CONVERSION = YES;
				CLANG_WARN_CONSTANT_CONVERSION = YES;
				CLANG_WARN_DIRECT_OBJC_ISA_USAGE = YES_ERROR;
				CLANG_WARN_EMPTY_BODY = YES;
				CLANG_WARN_ENUM_CONVERSION = YES;
				CLANG_WARN_INT_CONVERSION = YES;
				CLANG_WARN_OBJC_ROOT_CLASS = YES_ERROR;
				CLANG_WARN_UNREACHABLE_CODE = YES;
				CLANG_WARN__DUPLICATE_METHOD_MATCH = YES;
				COPY_PHASE_STRIP = NO;
				DEBUG_INFORMATION_FORMAT = "dwarf-with-dsym";
				ENABLE_NS_ASSERTIONS = NO;
				ENABLE_STRICT_OBJC_MSGSEND = YES;
				GCC_C_LANGUAGE_STANDARD = gnu99;
				GCC_WARN_64_TO_32_BIT_CONVERSION = YES;
				GCC_WARN_ABOUT_RETURN_TYPE = YES_ERROR;
				GCC_WARN_UNDECLARED_SELECTOR = YES;
				GCC_WARN_UNINITIALIZED_AUTOS = YES_AGGRESSIVE;
				GCC_WARN_UNUSED_FUNCTION = YES;
				GCC_WARN_UNUSED_VARIABLE = YES;
				MACOSX_DEPLOYMENT_TARGET = 10.9;
				MTL_ENABLE_DEBUG_INFO = NO;
				SDKROOT = macosx;
			};
			name = Release;
		};
		24A67A961E8ECD3700339959 /* Debug */ = {
			isa = XCBuildConfiguration;
			buildSettings = {
				PRODUCT_NAME = "$(TARGET_NAME)";
			};
			name = Debug;
		};
		24A67A971E8ECD3700339959 /* Release */ = {
			isa = XCBuildConfiguration;
			buildSettings = {
				PRODUCT_NAME = "$(TARGET_NAME)";
			};
			name = Release;
		};
/* End XCBuildConfiguration section */

/* Begin XCConfigurationList section */
		24A67A891E8ECD3700339959 /* Build configuration list for PBXProject "Ex07_Coda" */ = {
			isa = XCConfigurationList;
			buildConfigurations = (
				24A67A931E8ECD3700339959 /* Debug */,
				24A67A941E8ECD3700339959 /* Release */,
			);
			defaultConfigurationIsVisible = 0;
			defaultConfigurationName = Release;
		};
		24A67A951E8ECD3700339959 /* Build configuration list for PBXNativeTarget "Ex07_Coda" */ = {
			isa = XCConfigurationList;
			buildConfigurations = (
				24A67A961E8ECD3700339959 /* Debug */,
				24A67A971E8ECD3700339959 /* Release */,
			);
			defaultConfigurationIsVisible = 0;
		};
/* End XCConfigurationList section */
	};
	rootObject = 24A67A861E8ECD3700339959 /* Project object */;
}
