// !$*UTF8*$!
{
	archiveVersion = 1;
	classes = {
	};
	objectVersion = 46;
	objects = {

/* Begin PBXBuildFile section */
		240FAA611E7716DB00664647 /* main.c in Sources */ = {isa = PBXBuildFile; fileRef = 240FAA601E7716DB00664647 /* main.c */; };
/* End PBXBuildFile section */

/* Begin PBXCopyFilesBuildPhase section */
		240FAA5B1E7716DB00664647 /* CopyFiles */ = {
			isa = PBXCopyFilesBuildPhase;
			buildActionMask = 2147483647;
			dstPath = /usr/share/man/man1/;
			dstSubfolderSpec = 0;
			files = (
			);
			runOnlyForDeploymentPostprocessing = 1;
		};
/* End PBXCopyFilesBuildPhase section */

/* Begin PBXFileReference section */
		240FAA5D1E7716DB00664647 /* LinkedListImplementation */ = {isa = PBXFileReference; explicitFileType = "compiled.mach-o.executable"; includeInIndex = 0; path = LinkedListImplementation; sourceTree = BUILT_PRODUCTS_DIR; };
		240FAA601E7716DB00664647 /* main.c */ = {isa = PBXFileReference; lastKnownFileType = sourcecode.c.c; path = main.c; sourceTree = "<group>"; };
		240FAA671E77215B00664647 /* linked_lists.h */ = {isa = PBXFileReference; fileEncoding = 4; lastKnownFileType = sourcecode.c.h; path = linked_lists.h; sourceTree = "<group>"; };
/* End PBXFileReference section */

/* Begin PBXFrameworksBuildPhase section */
		240FAA5A1E7716DB00664647 /* Frameworks */ = {
			isa = PBXFrameworksBuildPhase;
			buildActionMask = 2147483647;
			files = (
			);
			runOnlyForDeploymentPostprocessing = 0;
		};
/* End PBXFrameworksBuildPhase section */

/* Begin PBXGroup section */
		240FAA541E7716DB00664647 = {
			isa = PBXGroup;
			children = (
				240FAA5F1E7716DB00664647 /* LinkedListImplementation */,
				240FAA5E1E7716DB00664647 /* Products */,
			);
			sourceTree = "<group>";
			usesTabs = 0;
		};
		240FAA5E1E7716DB00664647 /* Products */ = {
			isa = PBXGroup;
			children = (
				240FAA5D1E7716DB00664647 /* LinkedListImplementation */,
			);
			name = Products;
			sourceTree = "<group>";
		};
		240FAA5F1E7716DB00664647 /* LinkedListImplementation */ = {
			isa = PBXGroup;
			children = (
				240FAA601E7716DB00664647 /* main.c */,
				240FAA671E77215B00664647 /* linked_lists.h */,
			);
			path = LinkedListImplementation;
			sourceTree = "<group>";
		};
/* End PBXGroup section */

/* Begin PBXNativeTarget section */
		240FAA5C1E7716DB00664647 /* LinkedListImplementation */ = {
			isa = PBXNativeTarget;
			buildConfigurationList = 240FAA641E7716DB00664647 /* Build configuration list for PBXNativeTarget "LinkedListImplementation" */;
			buildPhases = (
				240FAA591E7716DB00664647 /* Sources */,
				240FAA5A1E7716DB00664647 /* Frameworks */,
				240FAA5B1E7716DB00664647 /* CopyFiles */,
			);
			buildRules = (
			);
			dependencies = (
			);
			name = LinkedListImplementation;
			productName = LinkedListImplementation;
			productReference = 240FAA5D1E7716DB00664647 /* LinkedListImplementation */;
			productType = "com.apple.product-type.tool";
		};
/* End PBXNativeTarget section */

/* Begin PBXProject section */
		240FAA551E7716DB00664647 /* Project object */ = {
			isa = PBXProject;
			attributes = {
				LastUpgradeCheck = 0620;
				ORGANIZATIONNAME = "Valentino Tombesi";
				TargetAttributes = {
					240FAA5C1E7716DB00664647 = {
						CreatedOnToolsVersion = 6.2;
					};
				};
			};
			buildConfigurationList = 240FAA581E7716DB00664647 /* Build configuration list for PBXProject "LinkedListImplementation" */;
			compatibilityVersion = "Xcode 3.2";
			developmentRegion = English;
			hasScannedForEncodings = 0;
			knownRegions = (
				en,
			);
			mainGroup = 240FAA541E7716DB00664647;
			productRefGroup = 240FAA5E1E7716DB00664647 /* Products */;
			projectDirPath = "";
			projectRoot = "";
			targets = (
				240FAA5C1E7716DB00664647 /* LinkedListImplementation */,
			);
		};
/* End PBXProject section */

/* Begin PBXSourcesBuildPhase section */
		240FAA591E7716DB00664647 /* Sources */ = {
			isa = PBXSourcesBuildPhase;
			buildActionMask = 2147483647;
			files = (
				240FAA611E7716DB00664647 /* main.c in Sources */,
			);
			runOnlyForDeploymentPostprocessing = 0;
		};
/* End PBXSourcesBuildPhase section */

/* Begin XCBuildConfiguration section */
		240FAA621E7716DB00664647 /* Debug */ = {
			isa = XCBuildConfiguration;
			buildSettings = {
				ALWAYS_SEARCH_USER_PATHS = NO;
				CLANG_CXX_LANGUAGE_STANDARD = "gnu++0x";
				CLANG_CXX_LIBRARY = "libc++";
				CLANG_ENABLE_MODULES = YES;
				CLANG_ENABLE_OBJC_ARC = YES;
				CLANG_WARN_BOOL_CONVERSION = YES;
				CLANG_WARN_CONSTANT_CONVERSION = YES;
				CLANG_WARN_DIRECT_OBJC_ISA_USAGE = YES_ERROR;
				CLANG_WARN_EMPTY_BODY = YES;
				CLANG_WARN_ENUM_CONVERSION = YES;
				CLANG_WARN_INT_CONVERSION = YES;
				CLANG_WARN_OBJC_ROOT_CLASS = YES_ERROR;
				CLANG_WARN_UNREACHABLE_CODE = YES;
				CLANG_WARN__DUPLICATE_METHOD_MATCH = YES;
				COPY_PHASE_STRIP = NO;
				ENABLE_STRICT_OBJC_MSGSEND = YES;
				GCC_C_LANGUAGE_STANDARD = gnu99;
				GCC_DYNAMIC_NO_PIC = NO;
				GCC_OPTIMIZATION_LEVEL = 0;
				GCC_PREPROCESSOR_DEFINITIONS = (
					"DEBUG=1",
					"$(inherited)",
				);
				GCC_SYMBOLS_PRIVATE_EXTERN = NO;
				GCC_WARN_64_TO_32_BIT_CONVERSION = YES;
				GCC_WARN_ABOUT_RETURN_TYPE = YES_ERROR;
				GCC_WARN_UNDECLARED_SELECTOR = YES;
				GCC_WARN_UNINITIALIZED_AUTOS = YES_AGGRESSIVE;
				GCC_WARN_UNUSED_FUNCTION = YES;
				GCC_WARN_UNUSED_VARIABLE = YES;
				MACOSX_DEPLOYMENT_TARGET = 10.9;
				MTL_ENABLE_DEBUG_INFO = YES;
				ONLY_ACTIVE_ARCH = YES;
				SDKROOT = macosx;
			};
			name = Debug;
		};
		240FAA631E7716DB00664647 /* Release */ = {
			isa = XCBuildConfiguration;
			buildSettings = {
				ALWAYS_SEARCH_USER_PATHS = NO;
				CLANG_CXX_LANGUAGE_STANDARD = "gnu++0x";
				CLANG_CXX_LIBRARY = "libc++";
				CLANG_ENABLE_MODULES = YES;
				CLANG_ENABLE_OBJC_ARC = YES;
				CLANG_WARN_BOOL_CONVERSION = YES;
				CLANG_WARN_CONSTANT_CONVERSION = YES;
				CLANG_WARN_DIRECT_OBJC_ISA_USAGE = YES_ERROR;
				CLANG_WARN_EMPTY_BODY = YES;
				CLANG_WARN_ENUM_CONVERSION = YES;
				CLANG_WARN_INT_CONVERSION = YES;
				CLANG_WARN_OBJC_ROOT_CLASS = YES_ERROR;
				CLANG_WARN_UNREACHABLE_CODE = YES;
				CLANG_WARN__DUPLICATE_METHOD_MATCH = YES;
				COPY_PHASE_STRIP = NO;
				DEBUG_INFORMATION_FORMAT = "dwarf-with-dsym";
				ENABLE_NS_ASSERTIONS = NO;
				ENABLE_STRICT_OBJC_MSGSEND = YES;
				GCC_C_LANGUAGE_STANDARD = gnu99;
				GCC_WARN_64_TO_32_BIT_CONVERSION = YES;
				GCC_WARN_ABOUT_RETURN_TYPE = YES_ERROR;
				GCC_WARN_UNDECLARED_SELECTOR = YES;
				GCC_WARN_UNINITIALIZED_AUTOS = YES_AGGRESSIVE;
				GCC_WARN_UNUSED_FUNCTION = YES;
				GCC_WARN_UNUSED_VARIABLE = YES;
				MACOSX_DEPLOYMENT_TARGET = 10.9;
				MTL_ENABLE_DEBUG_INFO = NO;
				SDKROOT = macosx;
			};
			name = Release;
		};
		240FAA651E7716DB00664647 /* Debug */ = {
			isa = XCBuildConfiguration;
			buildSettings = {
				PRODUCT_NAME = "$(TARGET_NAME)";
			};
			name = Debug;
		};
		240FAA661E7716DB00664647 /* Release */ = {
			isa = XCBuildConfiguration;
			buildSettings = {
				PRODUCT_NAME = "$(TARGET_NAME)";
			};
			name = Release;
		};
/* End XCBuildConfiguration section */

/* Begin XCConfigurationList section */
		240FAA581E7716DB00664647 /* Build configuration list for PBXProject "LinkedListImplementation" */ = {
			isa = XCConfigurationList;
			buildConfigurations = (
				240FAA621E7716DB00664647 /* Debug */,
				240FAA631E7716DB00664647 /* Release */,
			);
			defaultConfigurationIsVisible = 0;
			defaultConfigurationName = Release;
		};
		240FAA641E7716DB00664647 /* Build configuration list for PBXNativeTarget "LinkedListImplementation" */ = {
			isa = XCConfigurationList;
			buildConfigurations = (
				240FAA651E7716DB00664647 /* Debug */,
				240FAA661E7716DB00664647 /* Release */,
			);
			defaultConfigurationIsVisible = 0;
		};
/* End XCConfigurationList section */
	};
	rootObject = 240FAA551E7716DB00664647 /* Project object */;
}
